{
  "name": "gemini-mcp",
  "lockfileVersion": 3,
  "requires": true,
  "packages": {
    "": {
      "dependencies": {
        "excel-mcp-server": "^1.0.0"
      }
    },
    "node_modules/excel-mcp-server": {
      "version": "1.0.0",
      "resolved": "https://registry.npmjs.org/excel-mcp-server/-/excel-mcp-server-1.0.0.tgz",
      "integrity": "sha512-HuwMBzHNDtSX/SDEaS/ovbXGVFh0crs171/WbvnYLdbXPqyM6ppRrvpKYLYyQpXIsg0M1vFX91mDND7XxeWwSg==",
      "license": "ISC",
      "bin": {
        "excel-mcp-server": "bin/excel-mcp-server.js",
        "excel-mcp-server.cmd": "bin/windows-launcher.cmd"
      },
      "engines": {
        "node": ">=12.0.0"
      }
    }
  }
}
